// !$*UTF8*$!
{
	archiveVersion = 1;
	classes = {
	};
	objectVersion = 56;
	objects = {

/* Begin PBXBuildFile section */
		4AA125B52AB8DB75009529F5 /* AppDelegate.swift in Sources */ = {isa = PBXBuildFile; fileRef = 4AA125B42AB8DB75009529F5 /* AppDelegate.swift */; };
		4AA125B72AB8DB75009529F5 /* SceneDelegate.swift in Sources */ = {isa = PBXBuildFile; fileRef = 4AA125B62AB8DB75009529F5 /* SceneDelegate.swift */; };
		4AA125B92AB8DB75009529F5 /* IntroductionViewController.swift in Sources */ = {isa = PBXBuildFile; fileRef = 4AA125B82AB8DB75009529F5 /* IntroductionViewController.swift */; };
		4AA125BC2AB8DB75009529F5 /* Main.storyboard in Resources */ = {isa = PBXBuildFile; fileRef = 4AA125BA2AB8DB75009529F5 /* Main.storyboard */; };
		4AA125BE2AB8DB76009529F5 /* Assets.xcassets in Resources */ = {isa = PBXBuildFile; fileRef = 4AA125BD2AB8DB76009529F5 /* Assets.xcassets */; };
		4AA125C12AB8DB76009529F5 /* LaunchScreen.storyboard in Resources */ = {isa = PBXBuildFile; fileRef = 4AA125BF2AB8DB76009529F5 /* LaunchScreen.storyboard */; };
		4AA125C92AB8ECAD009529F5 /* QuestionViewController.swift in Sources */ = {isa = PBXBuildFile; fileRef = 4AA125C82AB8ECAD009529F5 /* QuestionViewController.swift */; };
		4AA125CB2AB8ECDF009529F5 /* ResultsViewController.swift in Sources */ = {isa = PBXBuildFile; fileRef = 4AA125CA2AB8ECDF009529F5 /* ResultsViewController.swift */; };
		4AA125CD2AB905F6009529F5 /* Question.swift in Sources */ = {isa = PBXBuildFile; fileRef = 4AA125CC2AB905F6009529F5 /* Question.swift */; };
/* End PBXBuildFile section */

/* Begin PBXFileReference section */
		4AA125B12AB8DB75009529F5 /* personalityQuiz.app */ = {isa = PBXFileReference; explicitFileType = wrapper.application; includeInIndex = 0; path = personalityQuiz.app; sourceTree = BUILT_PRODUCTS_DIR; };
		4AA125B42AB8DB75009529F5 /* AppDelegate.swift */ = {isa = PBXFileReference; lastKnownFileType = sourcecode.swift; path = AppDelegate.swift; sourceTree = "<group>"; };
		4AA125B62AB8DB75009529F5 /* SceneDelegate.swift */ = {isa = PBXFileReference; lastKnownFileType = sourcecode.swift; path = SceneDelegate.swift; sourceTree = "<group>"; };
		4AA125B82AB8DB75009529F5 /* IntroductionViewController.swift */ = {isa = PBXFileReference; lastKnownFileType = sourcecode.swift; path = IntroductionViewController.swift; sourceTree = "<group>"; };
		4AA125BB2AB8DB75009529F5 /* Base */ = {isa = PBXFileReference; lastKnownFileType = file.storyboard; name = Base; path = Base.lproj/Main.storyboard; sourceTree = "<group>"; };
		4AA125BD2AB8DB76009529F5 /* Assets.xcassets */ = {isa = PBXFileReference; lastKnownFileType = folder.assetcatalog; path = Assets.xcassets; sourceTree = "<group>"; };
		4AA125C02AB8DB76009529F5 /* Base */ = {isa = PBXFileReference; lastKnownFileType = file.storyboard; name = Base; path = Base.lproj/LaunchScreen.storyboard; sourceTree = "<group>"; };
		4AA125C22AB8DB76009529F5 /* Info.plist */ = {isa = PBXFileReference; lastKnownFileType = text.plist.xml; path = Info.plist; sourceTree = "<group>"; };
		4AA125C82AB8ECAD009529F5 /* QuestionViewController.swift */ = {isa = PBXFileReference; lastKnownFileType = sourcecode.swift; path = QuestionViewController.swift; sourceTree = "<group>"; };
		4AA125CA2AB8ECDF009529F5 /* ResultsViewController.swift */ = {isa = PBXFileReference; lastKnownFileType = sourcecode.swift; path = ResultsViewController.swift; sourceTree = "<group>"; };
		4AA125CC2AB905F6009529F5 /* Question.swift */ = {isa = PBXFileReference; lastKnownFileType = sourcecode.swift; path = Question.swift; sourceTree = "<group>"; };
/* End PBXFileReference section */

/* Begin PBXFrameworksBuildPhase section */
		4AA125AE2AB8DB75009529F5 /* Frameworks */ = {
			isa = PBXFrameworksBuildPhase;
			buildActionMask = 2147483647;
			files = (
			);
			runOnlyForDeploymentPostprocessing = 0;
		};
/* End PBXFrameworksBuildPhase section */

/* Begin PBXGroup section */
		4AA125A82AB8DB75009529F5 = {
			isa = PBXGroup;
			children = (
				4AA125B32AB8DB75009529F5 /* personalityQuiz */,
				4AA125B22AB8DB75009529F5 /* Products */,
			);
			sourceTree = "<group>";
		};
		4AA125B22AB8DB75009529F5 /* Products */ = {
			isa = PBXGroup;
			children = (
				4AA125B12AB8DB75009529F5 /* personalityQuiz.app */,
			);
			name = Products;
			sourceTree = "<group>";
		};
		4AA125B32AB8DB75009529F5 /* personalityQuiz */ = {
			isa = PBXGroup;
			children = (
				4AA125B42AB8DB75009529F5 /* AppDelegate.swift */,
				4AA125B62AB8DB75009529F5 /* SceneDelegate.swift */,
				4AA125B82AB8DB75009529F5 /* IntroductionViewController.swift */,
				4AA125CA2AB8ECDF009529F5 /* ResultsViewController.swift */,
				4AA125BA2AB8DB75009529F5 /* Main.storyboard */,
				4AA125C82AB8ECAD009529F5 /* QuestionViewController.swift */,
				4AA125CC2AB905F6009529F5 /* Question.swift */,
				4AA125BD2AB8DB76009529F5 /* Assets.xcassets */,
				4AA125BF2AB8DB76009529F5 /* LaunchScreen.storyboard */,
				4AA125C22AB8DB76009529F5 /* Info.plist */,
			);
			path = personalityQuiz;
			sourceTree = "<group>";
		};
/* End PBXGroup section */

/* Begin PBXNativeTarget section */
		4AA125B02AB8DB75009529F5 /* personalityQuiz */ = {
			isa = PBXNativeTarget;
			buildConfigurationList = 4AA125C52AB8DB76009529F5 /* Build configuration list for PBXNativeTarget "personalityQuiz" */;
			buildPhases = (
				4AA125AD2AB8DB75009529F5 /* Sources */,
				4AA125AE2AB8DB75009529F5 /* Frameworks */,
				4AA125AF2AB8DB75009529F5 /* Resources */,
			);
			buildRules = (
			);
			dependencies = (
			);
			name = personalityQuiz;
			productName = personalityQuiz;
			productReference = 4AA125B12AB8DB75009529F5 /* personalityQuiz.app */;
			productType = "com.apple.product-type.application";
		};
/* End PBXNativeTarget section */

/* Begin PBXProject section */
		4AA125A92AB8DB75009529F5 /* Project object */ = {
			isa = PBXProject;
			attributes = {
				BuildIndependentTargetsInParallel = 1;
				LastSwiftUpdateCheck = 1430;
				LastUpgradeCheck = 1430;
				TargetAttributes = {
					4AA125B02AB8DB75009529F5 = {
						CreatedOnToolsVersion = 14.3.1;
					};
				};
			};
			buildConfigurationList = 4AA125AC2AB8DB75009529F5 /* Build configuration list for PBXProject "personalityQuiz" */;
			compatibilityVersion = "Xcode 14.0";
			developmentRegion = en;
			hasScannedForEncodings = 0;
			knownRegions = (
				en,
				Base,
			);
			mainGroup = 4AA125A82AB8DB75009529F5;
			productRefGroup = 4AA125B22AB8DB75009529F5 /* Products */;
			projectDirPath = "";
			projectRoot = "";
			targets = (
				4AA125B02AB8DB75009529F5 /* personalityQuiz */,
			);
		};
/* End PBXProject section */

/* Begin PBXResourcesBuildPhase section */
		4AA125AF2AB8DB75009529F5 /* Resources */ = {
			isa = PBXResourcesBuildPhase;
			buildActionMask = 2147483647;
			files = (
				4AA125C12AB8DB76009529F5 /* LaunchScreen.storyboard in Resources */,
				4AA125BE2AB8DB76009529F5 /* Assets.xcassets in Resources */,
				4AA125BC2AB8DB75009529F5 /* Main.storyboard in Resources */,
			);
			runOnlyForDeploymentPostprocessing = 0;
		};
/* End PBXResourcesBuildPhase section */

/* Begin PBXSourcesBuildPhase section */
		4AA125AD2AB8DB75009529F5 /* Sources */ = {
			isa = PBXSourcesBuildPhase;
			buildActionMask = 2147483647;
			files = (
				4AA125B92AB8DB75009529F5 /* IntroductionViewController.swift in Sources */,
				4AA125B52AB8DB75009529F5 /* AppDelegate.swift in Sources */,
				4AA125C92AB8ECAD009529F5 /* QuestionViewController.swift in Sources */,
				4AA125CD2AB905F6009529F5 /* Question.swift in Sources */,
				4AA125CB2AB8ECDF009529F5 /* ResultsViewController.swift in Sources */,
				4AA125B72AB8DB75009529F5 /* SceneDelegate.swift in Sources */,
			);
			runOnlyForDeploymentPostprocessing = 0;
		};
/* End PBXSourcesBuildPhase section */

/* Begin PBXVariantGroup section */
		4AA125BA2AB8DB75009529F5 /* Main.storyboard */ = {
			isa = PBXVariantGroup;
			children = (
				4AA125BB2AB8DB75009529F5 /* Base */,
			);
			name = Main.storyboard;
			sourceTree = "<group>";
		};
		4AA125BF2AB8DB76009529F5 /* LaunchScreen.storyboard */ = {
			isa = PBXVariantGroup;
			children = (
				4AA125C02AB8DB76009529F5 /* Base */,
			);
			name = LaunchScreen.storyboard;
			sourceTree = "<group>";
		};
/* End PBXVariantGroup section */

/* Begin XCBuildConfiguration section */
		4AA125C32AB8DB76009529F5 /* Debug */ = {
			isa = XCBuildConfiguration;
			buildSettings = {
				ALWAYS_SEARCH_USER_PATHS = NO;
				CLANG_ANALYZER_NONNULL = YES;
				CLANG_ANALYZER_NUMBER_OBJECT_CONVERSION = YES_AGGRESSIVE;
				CLANG_CXX_LANGUAGE_STANDARD = "gnu++20";
				CLANG_ENABLE_MODULES = YES;
				CLANG_ENABLE_OBJC_ARC = YES;
				CLANG_ENABLE_OBJC_WEAK = YES;
				CLANG_WARN_BLOCK_CAPTURE_AUTORELEASING = YES;
				CLANG_WARN_BOOL_CONVERSION = YES;
				CLANG_WARN_COMMA = YES;
				CLANG_WARN_CONSTANT_CONVERSION = YES;
				CLANG_WARN_DEPRECATED_OBJC_IMPLEMENTATIONS = YES;
				CLANG_WARN_DIRECT_OBJC_ISA_USAGE = YES_ERROR;
				CLANG_WARN_DOCUMENTATION_COMMENTS = YES;
				CLANG_WARN_EMPTY_BODY = YES;
				CLANG_WARN_ENUM_CONVERSION = YES;
				CLANG_WARN_INFINITE_RECURSION = YES;
				CLANG_WARN_INT_CONVERSION = YES;
				CLANG_WARN_NON_LITERAL_NULL_CONVERSION = YES;
				CLANG_WARN_OBJC_IMPLICIT_RETAIN_SELF = YES;
				CLANG_WARN_OBJC_LITERAL_CONVERSION = YES;
				CLANG_WARN_OBJC_ROOT_CLASS = YES_ERROR;
				CLANG_WARN_QUOTED_INCLUDE_IN_FRAMEWORK_HEADER = YES;
				CLANG_WARN_RANGE_LOOP_ANALYSIS = YES;
				CLANG_WARN_STRICT_PROTOTYPES = YES;
				CLANG_WARN_SUSPICIOUS_MOVE = YES;
				CLANG_WARN_UNGUARDED_AVAILABILITY = YES_AGGRESSIVE;
				CLANG_WARN_UNREACHABLE_CODE = YES;
				CLANG_WARN__DUPLICATE_METHOD_MATCH = YES;
				COPY_PHASE_STRIP = NO;
				DEBUG_INFORMATION_FORMAT = dwarf;
				ENABLE_STRICT_OBJC_MSGSEND = YES;
				ENABLE_TESTABILITY = YES;
				GCC_C_LANGUAGE_STANDARD = gnu11;
				GCC_DYNAMIC_NO_PIC = NO;
				GCC_NO_COMMON_BLOCKS = YES;
				GCC_OPTIMIZATION_LEVEL = 0;
				GCC_PREPROCESSOR_DEFINITIONS = (
					"DEBUG=1",
					"$(inherited)",
				);
				GCC_WARN_64_TO_32_BIT_CONVERSION = YES;
				GCC_WARN_ABOUT_RETURN_TYPE = YES_ERROR;
				GCC_WARN_UNDECLARED_SELECTOR = YES;
				GCC_WARN_UNINITIALIZED_AUTOS = YES_AGGRESSIVE;
				GCC_WARN_UNUSED_FUNCTION = YES;
				GCC_WARN_UNUSED_VARIABLE = YES;
				IPHONEOS_DEPLOYMENT_TARGET = 16.4;
				MTL_ENABLE_DEBUG_INFO = INCLUDE_SOURCE;
				MTL_FAST_MATH = YES;
				ONLY_ACTIVE_ARCH = YES;
				SDKROOT = iphoneos;
				SWIFT_ACTIVE_COMPILATION_CONDITIONS = DEBUG;
				SWIFT_OPTIMIZATION_LEVEL = "-Onone";
			};
			name = Debug;
		};
		4AA125C42AB8DB76009529F5 /* Release */ = {
			isa = XCBuildConfiguration;
			buildSettings = {
				ALWAYS_SEARCH_USER_PATHS = NO;
				CLANG_ANALYZER_NONNULL = YES;
				CLANG_ANALYZER_NUMBER_OBJECT_CONVERSION = YES_AGGRESSIVE;
				CLANG_CXX_LANGUAGE_STANDARD = "gnu++20";
				CLANG_ENABLE_MODULES = YES;
				CLANG_ENABLE_OBJC_ARC = YES;
				CLANG_ENABLE_OBJC_WEAK = YES;
				CLANG_WARN_BLOCK_CAPTURE_AUTORELEASING = YES;
				CLANG_WARN_BOOL_CONVERSION = YES;
				CLANG_WARN_COMMA = YES;
				CLANG_WARN_CONSTANT_CONVERSION = YES;
				CLANG_WARN_DEPRECATED_OBJC_IMPLEMENTATIONS = YES;
				CLANG_WARN_DIRECT_OBJC_ISA_USAGE = YES_ERROR;
				CLANG_WARN_DOCUMENTATION_COMMENTS = YES;
				CLANG_WARN_EMPTY_BODY = YES;
				CLANG_WARN_ENUM_CONVERSION = YES;
				CLANG_WARN_INFINITE_RECURSION = YES;
				CLANG_WARN_INT_CONVERSION = YES;
				CLANG_WARN_NON_LITERAL_NULL_CONVERSION = YES;
				CLANG_WARN_OBJC_IMPLICIT_RETAIN_SELF = YES;
				CLANG_WARN_OBJC_LITERAL_CONVERSION = YES;
				CLANG_WARN_OBJC_ROOT_CLASS = YES_ERROR;
				CLANG_WARN_QUOTED_INCLUDE_IN_FRAMEWORK_HEADER = YES;
				CLANG_WARN_RANGE_LOOP_ANALYSIS = YES;
				CLANG_WARN_STRICT_PROTOTYPES = YES;
				CLANG_WARN_SUSPICIOUS_MOVE = YES;
				CLANG_WARN_UNGUARDED_AVAILABILITY = YES_AGGRESSIVE;
				CLANG_WARN_UNREACHABLE_CODE = YES;
				CLANG_WARN__DUPLICATE_METHOD_MATCH = YES;
				COPY_PHASE_STRIP = NO;
				DEBUG_INFORMATION_FORMAT = "dwarf-with-dsym";
				ENABLE_NS_ASSERTIONS = NO;
				ENABLE_STRICT_OBJC_MSGSEND = YES;
				GCC_C_LANGUAGE_STANDARD = gnu11;
				GCC_NO_COMMON_BLOCKS = YES;
				GCC_WARN_64_TO_32_BIT_CONVERSION = YES;
				GCC_WARN_ABOUT_RETURN_TYPE = YES_ERROR;
				GCC_WARN_UNDECLARED_SELECTOR = YES;
				GCC_WARN_UNINITIALIZED_AUTOS = YES_AGGRESSIVE;
				GCC_WARN_UNUSED_FUNCTION = YES;
				GCC_WARN_UNUSED_VARIABLE = YES;
				IPHONEOS_DEPLOYMENT_TARGET = 16.4;
				MTL_ENABLE_DEBUG_INFO = NO;
				MTL_FAST_MATH = YES;
				SDKROOT = iphoneos;
				SWIFT_COMPILATION_MODE = wholemodule;
				SWIFT_OPTIMIZATION_LEVEL = "-O";
				VALIDATE_PRODUCT = YES;
			};
			name = Release;
		};
		4AA125C62AB8DB76009529F5 /* Debug */ = {
			isa = XCBuildConfiguration;
			buildSettings = {
				ASSETCATALOG_COMPILER_APPICON_NAME = AppIcon;
				ASSETCATALOG_COMPILER_GLOBAL_ACCENT_COLOR_NAME = AccentColor;
				CODE_SIGN_STYLE = Automatic;
				CURRENT_PROJECT_VERSION = 1;
				GENERATE_INFOPLIST_FILE = YES;
				INFOPLIST_FILE = personalityQuiz/Info.plist;
				INFOPLIST_KEY_UIApplicationSupportsIndirectInputEvents = YES;
				INFOPLIST_KEY_UILaunchStoryboardName = LaunchScreen;
				INFOPLIST_KEY_UIMainStoryboardFile = Main;
				INFOPLIST_KEY_UISupportedInterfaceOrientations_iPad = "UIInterfaceOrientationPortrait UIInterfaceOrientationPortraitUpsideDown UIInterfaceOrientationLandscapeLeft UIInterfaceOrientationLandscapeRight";
				INFOPLIST_KEY_UISupportedInterfaceOrientations_iPhone = "UIInterfaceOrientationPortrait UIInterfaceOrientationLandscapeLeft UIInterfaceOrientationLandscapeRight";
				LD_RUNPATH_SEARCH_PATHS = (
					"$(inherited)",
					"@executable_path/Frameworks",
				);
				MARKETING_VERSION = 1.0;
				PRODUCT_BUNDLE_IDENTIFIER = personalityQuiz.personalityQuiz;
				PRODUCT_NAME = "$(TARGET_NAME)";
				SWIFT_EMIT_LOC_STRINGS = YES;
				SWIFT_VERSION = 5.0;
				TARGETED_DEVICE_FAMILY = "1,2";
			};
			name = Debug;
		};
		4AA125C72AB8DB76009529F5 /* Release */ = {
			isa = XCBuildConfiguration;
			buildSettings = {
				ASSETCATALOG_COMPILER_APPICON_NAME = AppIcon;
				ASSETCATALOG_COMPILER_GLOBAL_ACCENT_COLOR_NAME = AccentColor;
				CODE_SIGN_STYLE = Automatic;
				CURRENT_PROJECT_VERSION = 1;
				GENERATE_INFOPLIST_FILE = YES;
				INFOPLIST_FILE = personalityQuiz/Info.plist;
				INFOPLIST_KEY_UIApplicationSupportsIndirectInputEvents = YES;
				INFOPLIST_KEY_UILaunchStoryboardName = LaunchScreen;
				INFOPLIST_KEY_UIMainStoryboardFile = Main;
				INFOPLIST_KEY_UISupportedInterfaceOrientations_iPad = "UIInterfaceOrientationPortrait UIInterfaceOrientationPortraitUpsideDown UIInterfaceOrientationLandscapeLeft UIInterfaceOrientationLandscapeRight";
				INFOPLIST_KEY_UISupportedInterfaceOrientations_iPhone = "UIInterfaceOrientationPortrait UIInterfaceOrientationLandscapeLeft UIInterfaceOrientationLandscapeRight";
				LD_RUNPATH_SEARCH_PATHS = (
					"$(inherited)",
					"@executable_path/Frameworks",
				);
				MARKETING_VERSION = 1.0;
				PRODUCT_BUNDLE_IDENTIFIER = personalityQuiz.personalityQuiz;
				PRODUCT_NAME = "$(TARGET_NAME)";
				SWIFT_EMIT_LOC_STRINGS = YES;
				SWIFT_VERSION = 5.0;
				TARGETED_DEVICE_FAMILY = "1,2";
			};
			name = Release;
		};
/* End XCBuildConfiguration section */

/* Begin XCConfigurationList section */
		4AA125AC2AB8DB75009529F5 /* Build configuration list for PBXProject "personalityQuiz" */ = {
			isa = XCConfigurationList;
			buildConfigurations = (
				4AA125C32AB8DB76009529F5 /* Debug */,
				4AA125C42AB8DB76009529F5 /* Release */,
			);
			defaultConfigurationIsVisible = 0;
			defaultConfigurationName = Release;
		};
		4AA125C52AB8DB76009529F5 /* Build configuration list for PBXNativeTarget "personalityQuiz" */ = {
			isa = XCConfigurationList;
			buildConfigurations = (
				4AA125C62AB8DB76009529F5 /* Debug */,
				4AA125C72AB8DB76009529F5 /* Release */,
			);
			defaultConfigurationIsVisible = 0;
			defaultConfigurationName = Release;
		};
/* End XCConfigurationList section */
	};
	rootObject = 4AA125A92AB8DB75009529F5 /* Project object */;
}
